
Microsoft Visual Studio Solution File, Format Version 12.00
# Visual Studio Version 16
VisualStudioVersion = 16.0.31205.134
MinimumVisualStudioVersion = 10.0.40219.1
Project("{FAE04EC0-301F-11D3-BF4B-00C04F79EFBC}") = "Setul1", "Setul1.csproj", "{D18327D2-2799-41EE-A3AB-7993DD9A8327}"
EndProject
Global
	GlobalSection(SolutionConfigurationPlatforms) = preSolution
		Debug|Any CPU = Debug|Any CPU
		Release|Any CPU = Release|Any CPU
	EndGlobalSection
	GlobalSection(ProjectConfigurationPlatforms) = postSolution
		{D18327D2-2799-41EE-A3AB-7993DD9A8327}.Debug|Any CPU.ActiveCfg = Debug|Any CPU
		{D18327D2-2799-41EE-A3AB-7993DD9A8327}.Debug|Any CPU.Build.0 = Debug|Any CPU
		{D18327D2-2799-41EE-A3AB-7993DD9A8327}.Release|Any CPU.ActiveCfg = Release|Any CPU
		{D18327D2-2799-41EE-A3AB-7993DD9A8327}.Release|Any CPU.Build.0 = Release|Any CPU
	EndGlobalSection
	GlobalSection(SolutionProperties) = preSolution
		HideSolutionNode = FALSE
	EndGlobalSection
	GlobalSection(ExtensibilityGlobals) = postSolution
		SolutionGuid = {90C068D0-473B-4349-A3CD-0CD15AB2DAFE}
	EndGlobalSection
EndGlobal
